// !$*UTF8*$!
{
	archiveVersion = 1;
	classes = {
	};
	objectVersion = 50;
	objects = {

/* Begin PBXBuildFile section */
		5859D5DB24531B2600EB158F /* AppDelegate.swift in Sources */ = {isa = PBXBuildFile; fileRef = 5859D5DA24531B2600EB158F /* AppDelegate.swift */; };
		5859D5DD24531B2600EB158F /* SceneDelegate.swift in Sources */ = {isa = PBXBuildFile; fileRef = 5859D5DC24531B2600EB158F /* SceneDelegate.swift */; };
		5859D5DF24531B2600EB158F /* ViewController.swift in Sources */ = {isa = PBXBuildFile; fileRef = 5859D5DE24531B2600EB158F /* ViewController.swift */; };
		5859D5E224531B2600EB158F /* Main.storyboard in Resources */ = {isa = PBXBuildFile; fileRef = 5859D5E024531B2600EB158F /* Main.storyboard */; };
		5859D5E424531B2800EB158F /* Assets.xcassets in Resources */ = {isa = PBXBuildFile; fileRef = 5859D5E324531B2800EB158F /* Assets.xcassets */; };
		5859D5E724531B2800EB158F /* LaunchScreen.storyboard in Resources */ = {isa = PBXBuildFile; fileRef = 5859D5E524531B2800EB158F /* LaunchScreen.storyboard */; };
/* End PBXBuildFile section */

/* Begin PBXFileReference section */
		5859D5D724531B2600EB158F /* nestedScrollView.app */ = {isa = PBXFileReference; explicitFileType = wrapper.application; includeInIndex = 0; path = nestedScrollView.app; sourceTree = BUILT_PRODUCTS_DIR; };
		5859D5DA24531B2600EB158F /* AppDelegate.swift */ = {isa = PBXFileReference; lastKnownFileType = sourcecode.swift; path = AppDelegate.swift; sourceTree = "<group>"; };
		5859D5DC24531B2600EB158F /* SceneDelegate.swift */ = {isa = PBXFileReference; lastKnownFileType = sourcecode.swift; path = SceneDelegate.swift; sourceTree = "<group>"; };
		5859D5DE24531B2600EB158F /* ViewController.swift */ = {isa = PBXFileReference; lastKnownFileType = sourcecode.swift; path = ViewController.swift; sourceTree = "<group>"; };
		5859D5E124531B2600EB158F /* Base */ = {isa = PBXFileReference; lastKnownFileType = file.storyboard; name = Base; path = Base.lproj/Main.storyboard; sourceTree = "<group>"; };
		5859D5E324531B2800EB158F /* Assets.xcassets */ = {isa = PBXFileReference; lastKnownFileType = folder.assetcatalog; path = Assets.xcassets; sourceTree = "<group>"; };
		5859D5E624531B2800EB158F /* Base */ = {isa = PBXFileReference; lastKnownFileType = file.storyboard; name = Base; path = Base.lproj/LaunchScreen.storyboard; sourceTree = "<group>"; };
		5859D5E824531B2800EB158F /* Info.plist */ = {isa = PBXFileReference; lastKnownFileType = text.plist.xml; path = Info.plist; sourceTree = "<group>"; };
/* End PBXFileReference section */

/* Begin PBXFrameworksBuildPhase section */
		5859D5D424531B2600EB158F /* Frameworks */ = {
			isa = PBXFrameworksBuildPhase;
			buildActionMask = 2147483647;
			files = (
			);
			runOnlyForDeploymentPostprocessing = 0;
		};
/* End PBXFrameworksBuildPhase section */

/* Begin PBXGroup section */
		5859D5CE24531B2600EB158F = {
			isa = PBXGroup;
			children = (
				5859D5D924531B2600EB158F /* nestedScrollView */,
				5859D5D824531B2600EB158F /* Products */,
			);
			sourceTree = "<group>";
		};
		5859D5D824531B2600EB158F /* Products */ = {
			isa = PBXGroup;
			children = (
				5859D5D724531B2600EB158F /* nestedScrollView.app */,
			);
			name = Products;
			sourceTree = "<group>";
		};
		5859D5D924531B2600EB158F /* nestedScrollView */ = {
			isa = PBXGroup;
			children = (
				5859D5DA24531B2600EB158F /* AppDelegate.swift */,
				5859D5DC24531B2600EB158F /* SceneDelegate.swift */,
				5859D5DE24531B2600EB158F /* ViewController.swift */,
				5859D5E024531B2600EB158F /* Main.storyboard */,
				5859D5E324531B2800EB158F /* Assets.xcassets */,
				5859D5E524531B2800EB158F /* LaunchScreen.storyboard */,
				5859D5E824531B2800EB158F /* Info.plist */,
			);
			path = nestedScrollView;
			sourceTree = "<group>";
		};
/* End PBXGroup section */

/* Begin PBXNativeTarget section */
		5859D5D624531B2600EB158F /* nestedScrollView */ = {
			isa = PBXNativeTarget;
			buildConfigurationList = 5859D5EB24531B2800EB158F /* Build configuration list for PBXNativeTarget "nestedScrollView" */;
			buildPhases = (
				5859D5D324531B2600EB158F /* Sources */,
				5859D5D424531B2600EB158F /* Frameworks */,
				5859D5D524531B2600EB158F /* Resources */,
			);
			buildRules = (
			);
			dependencies = (
			);
			name = nestedScrollView;
			productName = nestedScrollView;
			productReference = 5859D5D724531B2600EB158F /* nestedScrollView.app */;
			productType = "com.apple.product-type.application";
		};
/* End PBXNativeTarget section */

/* Begin PBXProject section */
		5859D5CF24531B2600EB158F /* Project object */ = {
			isa = PBXProject;
			attributes = {
				LastSwiftUpdateCheck = 1140;
				LastUpgradeCheck = 1140;
				ORGANIZATIONNAME = songzhou;
				TargetAttributes = {
					5859D5D624531B2600EB158F = {
						CreatedOnToolsVersion = 11.4;
					};
				};
			};
			buildConfigurationList = 5859D5D224531B2600EB158F /* Build configuration list for PBXProject "nestedScrollView" */;
			compatibilityVersion = "Xcode 9.3";
			developmentRegion = en;
			hasScannedForEncodings = 0;
			knownRegions = (
				en,
				Base,
			);
			mainGroup = 5859D5CE24531B2600EB158F;
			productRefGroup = 5859D5D824531B2600EB158F /* Products */;
			projectDirPath = "";
			projectRoot = "";
			targets = (
				5859D5D624531B2600EB158F /* nestedScrollView */,
			);
		};
/* End PBXProject section */

/* Begin PBXResourcesBuildPhase section */
		5859D5D524531B2600EB158F /* Resources */ = {
			isa = PBXResourcesBuildPhase;
			buildActionMask = 2147483647;
			files = (
				5859D5E724531B2800EB158F /* LaunchScreen.storyboard in Resources */,
				5859D5E424531B2800EB158F /* Assets.xcassets in Resources */,
				5859D5E224531B2600EB158F /* Main.storyboard in Resources */,
			);
			runOnlyForDeploymentPostprocessing = 0;
		};
/* End PBXResourcesBuildPhase section */

/* Begin PBXSourcesBuildPhase section */
		5859D5D324531B2600EB158F /* Sources */ = {
			isa = PBXSourcesBuildPhase;
			buildActionMask = 2147483647;
			files = (
				5859D5DF24531B2600EB158F /* ViewController.swift in Sources */,
				5859D5DB24531B2600EB158F /* AppDelegate.swift in Sources */,
				5859D5DD24531B2600EB158F /* SceneDelegate.swift in Sources */,
			);
			runOnlyForDeploymentPostprocessing = 0;
		};
/* End PBXSourcesBuildPhase section */

/* Begin PBXVariantGroup section */
		5859D5E024531B2600EB158F /* Main.storyboard */ = {
			isa = PBXVariantGroup;
			children = (
				5859D5E124531B2600EB158F /* Base */,
			);
			name = Main.storyboard;
			sourceTree = "<group>";
		};
		5859D5E524531B2800EB158F /* LaunchScreen.storyboard */ = {
			isa = PBXVariantGroup;
			children = (
				5859D5E624531B2800EB158F /* Base */,
			);
			name = LaunchScreen.storyboard;
			sourceTree = "<group>";
		};
/* End PBXVariantGroup section */

/* Begin XCBuildConfiguration section */
		5859D5E924531B2800EB158F /* Debug */ = {
			isa = XCBuildConfiguration;
			buildSettings = {
				ALWAYS_SEARCH_USER_PATHS = NO;
				CLANG_ANALYZER_NONNULL = YES;
				CLANG_ANALYZER_NUMBER_OBJECT_CONVERSION = YES_AGGRESSIVE;
				CLANG_CXX_LANGUAGE_STANDARD = "gnu++14";
				CLANG_CXX_LIBRARY = "libc++";
				CLANG_ENABLE_MODULES = YES;
				CLANG_ENABLE_OBJC_ARC = YES;
				CLANG_ENABLE_OBJC_WEAK = YES;
				CLANG_WARN_BLOCK_CAPTURE_AUTORELEASING = YES;
				CLANG_WARN_BOOL_CONVERSION = YES;
				CLANG_WARN_COMMA = YES;
				CLANG_WARN_CONSTANT_CONVERSION = YES;
				CLANG_WARN_DEPRECATED_OBJC_IMPLEMENTATIONS = YES;
				CLANG_WARN_DIRECT_OBJC_ISA_USAGE = YES_ERROR;
				CLANG_WARN_DOCUMENTATION_COMMENTS = YES;
				CLANG_WARN_EMPTY_BODY = YES;
				CLANG_WARN_ENUM_CONVERSION = YES;
				CLANG_WARN_INFINITE_RECURSION = YES;
				CLANG_WARN_INT_CONVERSION = YES;
				CLANG_WARN_NON_LITERAL_NULL_CONVERSION = YES;
				CLANG_WARN_OBJC_IMPLICIT_RETAIN_SELF = YES;
				CLANG_WARN_OBJC_LITERAL_CONVERSION = YES;
				CLANG_WARN_OBJC_ROOT_CLASS = YES_ERROR;
				CLANG_WARN_RANGE_LOOP_ANALYSIS = YES;
				CLANG_WARN_STRICT_PROTOTYPES = YES;
				CLANG_WARN_SUSPICIOUS_MOVE = YES;
				CLANG_WARN_UNGUARDED_AVAILABILITY = YES_AGGRESSIVE;
				CLANG_WARN_UNREACHABLE_CODE = YES;
				CLANG_WARN__DUPLICATE_METHOD_MATCH = YES;
				COPY_PHASE_STRIP = NO;
				DEBUG_INFORMATION_FORMAT = dwarf;
				ENABLE_STRICT_OBJC_MSGSEND = YES;
				ENABLE_TESTABILITY = YES;
				GCC_C_LANGUAGE_STANDARD = gnu11;
				GCC_DYNAMIC_NO_PIC = NO;
				GCC_NO_COMMON_BLOCKS = YES;
				GCC_OPTIMIZATION_LEVEL = 0;
				GCC_PREPROCESSOR_DEFINITIONS = (
					"DEBUG=1",
					"$(inherited)",
				);
				GCC_WARN_64_TO_32_BIT_CONVERSION = YES;
				GCC_WARN_ABOUT_RETURN_TYPE = YES_ERROR;
				GCC_WARN_UNDECLARED_SELECTOR = YES;
				GCC_WARN_UNINITIALIZED_AUTOS = YES_AGGRESSIVE;
				GCC_WARN_UNUSED_FUNCTION = YES;
				GCC_WARN_UNUSED_VARIABLE = YES;
				IPHONEOS_DEPLOYMENT_TARGET = 13.4;
				MTL_ENABLE_DEBUG_INFO = INCLUDE_SOURCE;
				MTL_FAST_MATH = YES;
				ONLY_ACTIVE_ARCH = YES;
				SDKROOT = iphoneos;
				SWIFT_ACTIVE_COMPILATION_CONDITIONS = DEBUG;
				SWIFT_OPTIMIZATION_LEVEL = "-Onone";
			};
			name = Debug;
		};
		5859D5EA24531B2800EB158F /* Release */ = {
			isa = XCBuildConfiguration;
			buildSettings = {
				ALWAYS_SEARCH_USER_PATHS = NO;
				CLANG_ANALYZER_NONNULL = YES;
				CLANG_ANALYZER_NUMBER_OBJECT_CONVERSION = YES_AGGRESSIVE;
				CLANG_CXX_LANGUAGE_STANDARD = "gnu++14";
				CLANG_CXX_LIBRARY = "libc++";
				CLANG_ENABLE_MODULES = YES;
				CLANG_ENABLE_OBJC_ARC = YES;
				CLANG_ENABLE_OBJC_WEAK = YES;
				CLANG_WARN_BLOCK_CAPTURE_AUTORELEASING = YES;
				CLANG_WARN_BOOL_CONVERSION = YES;
				CLANG_WARN_COMMA = YES;
				CLANG_WARN_CONSTANT_CONVERSION = YES;
				CLANG_WARN_DEPRECATED_OBJC_IMPLEMENTATIONS = YES;
				CLANG_WARN_DIRECT_OBJC_ISA_USAGE = YES_ERROR;
				CLANG_WARN_DOCUMENTATION_COMMENTS = YES;
				CLANG_WARN_EMPTY_BODY = YES;
				CLANG_WARN_ENUM_CONVERSION = YES;
				CLANG_WARN_INFINITE_RECURSION = YES;
				CLANG_WARN_INT_CONVERSION = YES;
				CLANG_WARN_NON_LITERAL_NULL_CONVERSION = YES;
				CLANG_WARN_OBJC_IMPLICIT_RETAIN_SELF = YES;
				CLANG_WARN_OBJC_LITERAL_CONVERSION = YES;
				CLANG_WARN_OBJC_ROOT_CLASS = YES_ERROR;
				CLANG_WARN_RANGE_LOOP_ANALYSIS = YES;
				CLANG_WARN_STRICT_PROTOTYPES = YES;
				CLANG_WARN_SUSPICIOUS_MOVE = YES;
				CLANG_WARN_UNGUARDED_AVAILABILITY = YES_AGGRESSIVE;
				CLANG_WARN_UNREACHABLE_CODE = YES;
				CLANG_WARN__DUPLICATE_METHOD_MATCH = YES;
				COPY_PHASE_STRIP = NO;
				DEBUG_INFORMATION_FORMAT = "dwarf-with-dsym";
				ENABLE_NS_ASSERTIONS = NO;
				ENABLE_STRICT_OBJC_MSGSEND = YES;
				GCC_C_LANGUAGE_STANDARD = gnu11;
				GCC_NO_COMMON_BLOCKS = YES;
				GCC_WARN_64_TO_32_BIT_CONVERSION = YES;
				GCC_WARN_ABOUT_RETURN_TYPE = YES_ERROR;
				GCC_WARN_UNDECLARED_SELECTOR = YES;
				GCC_WARN_UNINITIALIZED_AUTOS = YES_AGGRESSIVE;
				GCC_WARN_UNUSED_FUNCTION = YES;
				GCC_WARN_UNUSED_VARIABLE = YES;
				IPHONEOS_DEPLOYMENT_TARGET = 13.4;
				MTL_ENABLE_DEBUG_INFO = NO;
				MTL_FAST_MATH = YES;
				SDKROOT = iphoneos;
				SWIFT_COMPILATION_MODE = wholemodule;
				SWIFT_OPTIMIZATION_LEVEL = "-O";
				VALIDATE_PRODUCT = YES;
			};
			name = Release;
		};
		5859D5EC24531B2800EB158F /* Debug */ = {
			isa = XCBuildConfiguration;
			buildSettings = {
				ASSETCATALOG_COMPILER_APPICON_NAME = AppIcon;
				CODE_SIGN_STYLE = Automatic;
				DEVELOPMENT_TEAM = 2484Z5XMVT;
				INFOPLIST_FILE = nestedScrollView/Info.plist;
				IPHONEOS_DEPLOYMENT_TARGET = 13.3;
				LD_RUNPATH_SEARCH_PATHS = (
					"$(inherited)",
					"@executable_path/Frameworks",
				);
				PRODUCT_BUNDLE_IDENTIFIER = com.songzhou.nestedScrollView;
				PRODUCT_NAME = "$(TARGET_NAME)";
				SWIFT_VERSION = 5.0;
				TARGETED_DEVICE_FAMILY = "1,2";
			};
			name = Debug;
		};
		5859D5ED24531B2800EB158F /* Release */ = {
			isa = XCBuildConfiguration;
			buildSettings = {
				ASSETCATALOG_COMPILER_APPICON_NAME = AppIcon;
				CODE_SIGN_STYLE = Automatic;
				DEVELOPMENT_TEAM = 2484Z5XMVT;
				INFOPLIST_FILE = nestedScrollView/Info.plist;
				IPHONEOS_DEPLOYMENT_TARGET = 13.3;
				LD_RUNPATH_SEARCH_PATHS = (
					"$(inherited)",
					"@executable_path/Frameworks",
				);
				PRODUCT_BUNDLE_IDENTIFIER = com.songzhou.nestedScrollView;
				PRODUCT_NAME = "$(TARGET_NAME)";
				SWIFT_VERSION = 5.0;
				TARGETED_DEVICE_FAMILY = "1,2";
			};
			name = Release;
		};
/* End XCBuildConfiguration section */

/* Begin XCConfigurationList section */
		5859D5D224531B2600EB158F /* Build configuration list for PBXProject "nestedScrollView" */ = {
			isa = XCConfigurationList;
			buildConfigurations = (
				5859D5E924531B2800EB158F /* Debug */,
				5859D5EA24531B2800EB158F /* Release */,
			);
			defaultConfigurationIsVisible = 0;
			defaultConfigurationName = Release;
		};
		5859D5EB24531B2800EB158F /* Build configuration list for PBXNativeTarget "nestedScrollView" */ = {
			isa = XCConfigurationList;
			buildConfigurations = (
				5859D5EC24531B2800EB158F /* Debug */,
				5859D5ED24531B2800EB158F /* Release */,
			);
			defaultConfigurationIsVisible = 0;
			defaultConfigurationName = Release;
		};
/* End XCConfigurationList section */
	};
	rootObject = 5859D5CF24531B2600EB158F /* Project object */;
}
