// !$*UTF8*$!
{
	archiveVersion = 1;
	classes = {
	};
	objectVersion = 50;
	objects = {

/* Begin PBXBuildFile section */
		586CA80A24AC79C000480396 /* AppDelegate.swift in Sources */ = {isa = PBXBuildFile; fileRef = 586CA80924AC79C000480396 /* AppDelegate.swift */; };
		586CA80C24AC79C000480396 /* SceneDelegate.swift in Sources */ = {isa = PBXBuildFile; fileRef = 586CA80B24AC79C000480396 /* SceneDelegate.swift */; };
		586CA80E24AC79C000480396 /* ViewController.swift in Sources */ = {isa = PBXBuildFile; fileRef = 586CA80D24AC79C000480396 /* ViewController.swift */; };
		586CA81124AC79C000480396 /* Main.storyboard in Resources */ = {isa = PBXBuildFile; fileRef = 586CA80F24AC79C000480396 /* Main.storyboard */; };
		586CA81324AC79C400480396 /* Assets.xcassets in Resources */ = {isa = PBXBuildFile; fileRef = 586CA81224AC79C400480396 /* Assets.xcassets */; };
		586CA81624AC79C400480396 /* LaunchScreen.storyboard in Resources */ = {isa = PBXBuildFile; fileRef = 586CA81424AC79C400480396 /* LaunchScreen.storyboard */; };
/* End PBXBuildFile section */

/* Begin PBXFileReference section */
		586CA80624AC79C000480396 /* ScrollViewContentSize.app */ = {isa = PBXFileReference; explicitFileType = wrapper.application; includeInIndex = 0; path = ScrollViewContentSize.app; sourceTree = BUILT_PRODUCTS_DIR; };
		586CA80924AC79C000480396 /* AppDelegate.swift */ = {isa = PBXFileReference; lastKnownFileType = sourcecode.swift; path = AppDelegate.swift; sourceTree = "<group>"; };
		586CA80B24AC79C000480396 /* SceneDelegate.swift */ = {isa = PBXFileReference; lastKnownFileType = sourcecode.swift; path = SceneDelegate.swift; sourceTree = "<group>"; };
		586CA80D24AC79C000480396 /* ViewController.swift */ = {isa = PBXFileReference; lastKnownFileType = sourcecode.swift; path = ViewController.swift; sourceTree = "<group>"; };
		586CA81024AC79C000480396 /* Base */ = {isa = PBXFileReference; lastKnownFileType = file.storyboard; name = Base; path = Base.lproj/Main.storyboard; sourceTree = "<group>"; };
		586CA81224AC79C400480396 /* Assets.xcassets */ = {isa = PBXFileReference; lastKnownFileType = folder.assetcatalog; path = Assets.xcassets; sourceTree = "<group>"; };
		586CA81524AC79C400480396 /* Base */ = {isa = PBXFileReference; lastKnownFileType = file.storyboard; name = Base; path = Base.lproj/LaunchScreen.storyboard; sourceTree = "<group>"; };
		586CA81724AC79C400480396 /* Info.plist */ = {isa = PBXFileReference; lastKnownFileType = text.plist.xml; path = Info.plist; sourceTree = "<group>"; };
/* End PBXFileReference section */

/* Begin PBXFrameworksBuildPhase section */
		586CA80324AC79C000480396 /* Frameworks */ = {
			isa = PBXFrameworksBuildPhase;
			buildActionMask = 2147483647;
			files = (
			);
			runOnlyForDeploymentPostprocessing = 0;
		};
/* End PBXFrameworksBuildPhase section */

/* Begin PBXGroup section */
		586CA7FD24AC79C000480396 = {
			isa = PBXGroup;
			children = (
				586CA80824AC79C000480396 /* ScrollViewContentSize */,
				586CA80724AC79C000480396 /* Products */,
			);
			sourceTree = "<group>";
		};
		586CA80724AC79C000480396 /* Products */ = {
			isa = PBXGroup;
			children = (
				586CA80624AC79C000480396 /* ScrollViewContentSize.app */,
			);
			name = Products;
			sourceTree = "<group>";
		};
		586CA80824AC79C000480396 /* ScrollViewContentSize */ = {
			isa = PBXGroup;
			children = (
				586CA80924AC79C000480396 /* AppDelegate.swift */,
				586CA80B24AC79C000480396 /* SceneDelegate.swift */,
				586CA80D24AC79C000480396 /* ViewController.swift */,
				586CA80F24AC79C000480396 /* Main.storyboard */,
				586CA81224AC79C400480396 /* Assets.xcassets */,
				586CA81424AC79C400480396 /* LaunchScreen.storyboard */,
				586CA81724AC79C400480396 /* Info.plist */,
			);
			path = ScrollViewContentSize;
			sourceTree = "<group>";
		};
/* End PBXGroup section */

/* Begin PBXNativeTarget section */
		586CA80524AC79C000480396 /* ScrollViewContentSize */ = {
			isa = PBXNativeTarget;
			buildConfigurationList = 586CA81A24AC79C400480396 /* Build configuration list for PBXNativeTarget "ScrollViewContentSize" */;
			buildPhases = (
				586CA80224AC79C000480396 /* Sources */,
				586CA80324AC79C000480396 /* Frameworks */,
				586CA80424AC79C000480396 /* Resources */,
			);
			buildRules = (
			);
			dependencies = (
			);
			name = ScrollViewContentSize;
			productName = ScrollViewContentSize;
			productReference = 586CA80624AC79C000480396 /* ScrollViewContentSize.app */;
			productType = "com.apple.product-type.application";
		};
/* End PBXNativeTarget section */

/* Begin PBXProject section */
		586CA7FE24AC79C000480396 /* Project object */ = {
			isa = PBXProject;
			attributes = {
				LastSwiftUpdateCheck = 1150;
				LastUpgradeCheck = 1150;
				ORGANIZATIONNAME = songzhou;
				TargetAttributes = {
					586CA80524AC79C000480396 = {
						CreatedOnToolsVersion = 11.5;
					};
				};
			};
			buildConfigurationList = 586CA80124AC79C000480396 /* Build configuration list for PBXProject "ScrollViewContentSize" */;
			compatibilityVersion = "Xcode 9.3";
			developmentRegion = en;
			hasScannedForEncodings = 0;
			knownRegions = (
				en,
				Base,
			);
			mainGroup = 586CA7FD24AC79C000480396;
			productRefGroup = 586CA80724AC79C000480396 /* Products */;
			projectDirPath = "";
			projectRoot = "";
			targets = (
				586CA80524AC79C000480396 /* ScrollViewContentSize */,
			);
		};
/* End PBXProject section */

/* Begin PBXResourcesBuildPhase section */
		586CA80424AC79C000480396 /* Resources */ = {
			isa = PBXResourcesBuildPhase;
			buildActionMask = 2147483647;
			files = (
				586CA81624AC79C400480396 /* LaunchScreen.storyboard in Resources */,
				586CA81324AC79C400480396 /* Assets.xcassets in Resources */,
				586CA81124AC79C000480396 /* Main.storyboard in Resources */,
			);
			runOnlyForDeploymentPostprocessing = 0;
		};
/* End PBXResourcesBuildPhase section */

/* Begin PBXSourcesBuildPhase section */
		586CA80224AC79C000480396 /* Sources */ = {
			isa = PBXSourcesBuildPhase;
			buildActionMask = 2147483647;
			files = (
				586CA80E24AC79C000480396 /* ViewController.swift in Sources */,
				586CA80A24AC79C000480396 /* AppDelegate.swift in Sources */,
				586CA80C24AC79C000480396 /* SceneDelegate.swift in Sources */,
			);
			runOnlyForDeploymentPostprocessing = 0;
		};
/* End PBXSourcesBuildPhase section */

/* Begin PBXVariantGroup section */
		586CA80F24AC79C000480396 /* Main.storyboard */ = {
			isa = PBXVariantGroup;
			children = (
				586CA81024AC79C000480396 /* Base */,
			);
			name = Main.storyboard;
			sourceTree = "<group>";
		};
		586CA81424AC79C400480396 /* LaunchScreen.storyboard */ = {
			isa = PBXVariantGroup;
			children = (
				586CA81524AC79C400480396 /* Base */,
			);
			name = LaunchScreen.storyboard;
			sourceTree = "<group>";
		};
/* End PBXVariantGroup section */

/* Begin XCBuildConfiguration section */
		586CA81824AC79C400480396 /* Debug */ = {
			isa = XCBuildConfiguration;
			buildSettings = {
				ALWAYS_SEARCH_USER_PATHS = NO;
				CLANG_ANALYZER_NONNULL = YES;
				CLANG_ANALYZER_NUMBER_OBJECT_CONVERSION = YES_AGGRESSIVE;
				CLANG_CXX_LANGUAGE_STANDARD = "gnu++14";
				CLANG_CXX_LIBRARY = "libc++";
				CLANG_ENABLE_MODULES = YES;
				CLANG_ENABLE_OBJC_ARC = YES;
				CLANG_ENABLE_OBJC_WEAK = YES;
				CLANG_WARN_BLOCK_CAPTURE_AUTORELEASING = YES;
				CLANG_WARN_BOOL_CONVERSION = YES;
				CLANG_WARN_COMMA = YES;
				CLANG_WARN_CONSTANT_CONVERSION = YES;
				CLANG_WARN_DEPRECATED_OBJC_IMPLEMENTATIONS = YES;
				CLANG_WARN_DIRECT_OBJC_ISA_USAGE = YES_ERROR;
				CLANG_WARN_DOCUMENTATION_COMMENTS = YES;
				CLANG_WARN_EMPTY_BODY = YES;
				CLANG_WARN_ENUM_CONVERSION = YES;
				CLANG_WARN_INFINITE_RECURSION = YES;
				CLANG_WARN_INT_CONVERSION = YES;
				CLANG_WARN_NON_LITERAL_NULL_CONVERSION = YES;
				CLANG_WARN_OBJC_IMPLICIT_RETAIN_SELF = YES;
				CLANG_WARN_OBJC_LITERAL_CONVERSION = YES;
				CLANG_WARN_OBJC_ROOT_CLASS = YES_ERROR;
				CLANG_WARN_RANGE_LOOP_ANALYSIS = YES;
				CLANG_WARN_STRICT_PROTOTYPES = YES;
				CLANG_WARN_SUSPICIOUS_MOVE = YES;
				CLANG_WARN_UNGUARDED_AVAILABILITY = YES_AGGRESSIVE;
				CLANG_WARN_UNREACHABLE_CODE = YES;
				CLANG_WARN__DUPLICATE_METHOD_MATCH = YES;
				COPY_PHASE_STRIP = NO;
				DEBUG_INFORMATION_FORMAT = dwarf;
				ENABLE_STRICT_OBJC_MSGSEND = YES;
				ENABLE_TESTABILITY = YES;
				GCC_C_LANGUAGE_STANDARD = gnu11;
				GCC_DYNAMIC_NO_PIC = NO;
				GCC_NO_COMMON_BLOCKS = YES;
				GCC_OPTIMIZATION_LEVEL = 0;
				GCC_PREPROCESSOR_DEFINITIONS = (
					"DEBUG=1",
					"$(inherited)",
				);
				GCC_WARN_64_TO_32_BIT_CONVERSION = YES;
				GCC_WARN_ABOUT_RETURN_TYPE = YES_ERROR;
				GCC_WARN_UNDECLARED_SELECTOR = YES;
				GCC_WARN_UNINITIALIZED_AUTOS = YES_AGGRESSIVE;
				GCC_WARN_UNUSED_FUNCTION = YES;
				GCC_WARN_UNUSED_VARIABLE = YES;
				IPHONEOS_DEPLOYMENT_TARGET = 13.5;
				MTL_ENABLE_DEBUG_INFO = INCLUDE_SOURCE;
				MTL_FAST_MATH = YES;
				ONLY_ACTIVE_ARCH = YES;
				SDKROOT = iphoneos;
				SWIFT_ACTIVE_COMPILATION_CONDITIONS = DEBUG;
				SWIFT_OPTIMIZATION_LEVEL = "-Onone";
			};
			name = Debug;
		};
		586CA81924AC79C400480396 /* Release */ = {
			isa = XCBuildConfiguration;
			buildSettings = {
				ALWAYS_SEARCH_USER_PATHS = NO;
				CLANG_ANALYZER_NONNULL = YES;
				CLANG_ANALYZER_NUMBER_OBJECT_CONVERSION = YES_AGGRESSIVE;
				CLANG_CXX_LANGUAGE_STANDARD = "gnu++14";
				CLANG_CXX_LIBRARY = "libc++";
				CLANG_ENABLE_MODULES = YES;
				CLANG_ENABLE_OBJC_ARC = YES;
				CLANG_ENABLE_OBJC_WEAK = YES;
				CLANG_WARN_BLOCK_CAPTURE_AUTORELEASING = YES;
				CLANG_WARN_BOOL_CONVERSION = YES;
				CLANG_WARN_COMMA = YES;
				CLANG_WARN_CONSTANT_CONVERSION = YES;
				CLANG_WARN_DEPRECATED_OBJC_IMPLEMENTATIONS = YES;
				CLANG_WARN_DIRECT_OBJC_ISA_USAGE = YES_ERROR;
				CLANG_WARN_DOCUMENTATION_COMMENTS = YES;
				CLANG_WARN_EMPTY_BODY = YES;
				CLANG_WARN_ENUM_CONVERSION = YES;
				CLANG_WARN_INFINITE_RECURSION = YES;
				CLANG_WARN_INT_CONVERSION = YES;
				CLANG_WARN_NON_LITERAL_NULL_CONVERSION = YES;
				CLANG_WARN_OBJC_IMPLICIT_RETAIN_SELF = YES;
				CLANG_WARN_OBJC_LITERAL_CONVERSION = YES;
				CLANG_WARN_OBJC_ROOT_CLASS = YES_ERROR;
				CLANG_WARN_RANGE_LOOP_ANALYSIS = YES;
				CLANG_WARN_STRICT_PROTOTYPES = YES;
				CLANG_WARN_SUSPICIOUS_MOVE = YES;
				CLANG_WARN_UNGUARDED_AVAILABILITY = YES_AGGRESSIVE;
				CLANG_WARN_UNREACHABLE_CODE = YES;
				CLANG_WARN__DUPLICATE_METHOD_MATCH = YES;
				COPY_PHASE_STRIP = NO;
				DEBUG_INFORMATION_FORMAT = "dwarf-with-dsym";
				ENABLE_NS_ASSERTIONS = NO;
				ENABLE_STRICT_OBJC_MSGSEND = YES;
				GCC_C_LANGUAGE_STANDARD = gnu11;
				GCC_NO_COMMON_BLOCKS = YES;
				GCC_WARN_64_TO_32_BIT_CONVERSION = YES;
				GCC_WARN_ABOUT_RETURN_TYPE = YES_ERROR;
				GCC_WARN_UNDECLARED_SELECTOR = YES;
				GCC_WARN_UNINITIALIZED_AUTOS = YES_AGGRESSIVE;
				GCC_WARN_UNUSED_FUNCTION = YES;
				GCC_WARN_UNUSED_VARIABLE = YES;
				IPHONEOS_DEPLOYMENT_TARGET = 13.5;
				MTL_ENABLE_DEBUG_INFO = NO;
				MTL_FAST_MATH = YES;
				SDKROOT = iphoneos;
				SWIFT_COMPILATION_MODE = wholemodule;
				SWIFT_OPTIMIZATION_LEVEL = "-O";
				VALIDATE_PRODUCT = YES;
			};
			name = Release;
		};
		586CA81B24AC79C400480396 /* Debug */ = {
			isa = XCBuildConfiguration;
			buildSettings = {
				ASSETCATALOG_COMPILER_APPICON_NAME = AppIcon;
				CODE_SIGN_STYLE = Automatic;
				DEVELOPMENT_TEAM = MZS9G48N23;
				INFOPLIST_FILE = ScrollViewContentSize/Info.plist;
				LD_RUNPATH_SEARCH_PATHS = (
					"$(inherited)",
					"@executable_path/Frameworks",
				);
				PRODUCT_BUNDLE_IDENTIFIER = com.songzhou.ScrollViewContentSize;
				PRODUCT_NAME = "$(TARGET_NAME)";
				SWIFT_VERSION = 5.0;
				TARGETED_DEVICE_FAMILY = "1,2";
			};
			name = Debug;
		};
		586CA81C24AC79C400480396 /* Release */ = {
			isa = XCBuildConfiguration;
			buildSettings = {
				ASSETCATALOG_COMPILER_APPICON_NAME = AppIcon;
				CODE_SIGN_STYLE = Automatic;
				DEVELOPMENT_TEAM = MZS9G48N23;
				INFOPLIST_FILE = ScrollViewContentSize/Info.plist;
				LD_RUNPATH_SEARCH_PATHS = (
					"$(inherited)",
					"@executable_path/Frameworks",
				);
				PRODUCT_BUNDLE_IDENTIFIER = com.songzhou.ScrollViewContentSize;
				PRODUCT_NAME = "$(TARGET_NAME)";
				SWIFT_VERSION = 5.0;
				TARGETED_DEVICE_FAMILY = "1,2";
			};
			name = Release;
		};
/* End XCBuildConfiguration section */

/* Begin XCConfigurationList section */
		586CA80124AC79C000480396 /* Build configuration list for PBXProject "ScrollViewContentSize" */ = {
			isa = XCConfigurationList;
			buildConfigurations = (
				586CA81824AC79C400480396 /* Debug */,
				586CA81924AC79C400480396 /* Release */,
			);
			defaultConfigurationIsVisible = 0;
			defaultConfigurationName = Release;
		};
		586CA81A24AC79C400480396 /* Build configuration list for PBXNativeTarget "ScrollViewContentSize" */ = {
			isa = XCConfigurationList;
			buildConfigurations = (
				586CA81B24AC79C400480396 /* Debug */,
				586CA81C24AC79C400480396 /* Release */,
			);
			defaultConfigurationIsVisible = 0;
			defaultConfigurationName = Release;
		};
/* End XCConfigurationList section */
	};
	rootObject = 586CA7FE24AC79C000480396 /* Project object */;
}
